Microsoft Visual Studio Solution File, Format Version 12.00
# Visual Studio Version 17
VisualStudioVersion = 17.7.34009.444
MinimumVisualStudioVersion = 10.0.40219.1
Project("{FAE04EC0-301F-11D3-BF4B-00C04F79EFBC}") = "FUEL", "FUEL.csproj", "{574CAFA0-F810-42D1-9123-6ED6029DDB7A}"
EndProject
Global
	GlobalSection(SolutionConfigurationPlatforms) = preSolution
		Debug|Any CPU = Debug|Any CPU
		Release|Any CPU = Release|Any CPU
	EndGlobalSection
	GlobalSection(ProjectConfigurationPlatforms) = postSolution
		{574CAFA0-F810-42D1-9123-6ED6029DDB7A}.Debug|Any CPU.ActiveCfg = Debug|Any CPU
		{574CAFA0-F810-42D1-9123-6ED6029DDB7A}.Debug|Any CPU.Build.0 = Debug|Any CPU
		{574CAFA0-F810-42D1-9123-6ED6029DDB7A}.Release|Any CPU.ActiveCfg = Release|Any CPU
		{574CAFA0-F810-42D1-9123-6ED6029DDB7A}.Release|Any CPU.Build.0 = Release|Any CPU
	EndGlobalSection
	GlobalSection(SolutionProperties) = preSolution
		HideSolutionNode = FALSE
	EndGlobalSection
	GlobalSection(ExtensibilityGlobals) = postSolution
		SolutionGuid = {BFBF4192-3FA4-4506-B5E1-4932767E5283}
	EndGlobalSection
EndGlobal
